
Microsoft Visual Studio Solution File, Format Version 12.00
# Visual Studio Version 16
VisualStudioVersion = 16.0.31613.86
MinimumVisualStudioVersion = 10.0.40219.1
Project("{FAE04EC0-301F-11D3-BF4B-00C04F79EFBC}") = "appbliliotk", "appbliliotk\appbliliotk.csproj", "{126FA2C1-1751-4724-A254-7F632491D514}"
EndProject
Global
	GlobalSection(SolutionConfigurationPlatforms) = preSolution
		Debug|Any CPU = Debug|Any CPU
		Release|Any CPU = Release|Any CPU
	EndGlobalSection
	GlobalSection(ProjectConfigurationPlatforms) = postSolution
		{126FA2C1-1751-4724-A254-7F632491D514}.Debug|Any CPU.ActiveCfg = Debug|Any CPU
		{126FA2C1-1751-4724-A254-7F632491D514}.Debug|Any CPU.Build.0 = Debug|Any CPU
		{126FA2C1-1751-4724-A254-7F632491D514}.Release|Any CPU.ActiveCfg = Release|Any CPU
		{126FA2C1-1751-4724-A254-7F632491D514}.Release|Any CPU.Build.0 = Release|Any CPU
	EndGlobalSection
	GlobalSection(SolutionProperties) = preSolution
		HideSolutionNode = FALSE
	EndGlobalSection
	GlobalSection(ExtensibilityGlobals) = postSolution
		SolutionGuid = {31C2F32D-4823-4C03-8A88-1AFD0E16EB99}
	EndGlobalSection
EndGlobal
